
Microsoft Visual Studio Solution File, Format Version 12.00
# Visual Studio Version 17
VisualStudioVersion = 17.11.35208.52
MinimumVisualStudioVersion = 10.0.40219.1
Project("{9A19103F-16F7-4668-BE54-9A1E7A4F7556}") = "TIEntities", "TIEntities\TIEntities.csproj", "{C410CA73-802C-4AAB-9043-D35122EFC2D6}"
EndProject
Project("{9A19103F-16F7-4668-BE54-9A1E7A4F7556}") = "TIData", "TIData\TIData.csproj", "{2EE28FD6-7CFD-429D-BC65-E1C7E3EE76C7}"
EndProject
Project("{9A19103F-16F7-4668-BE54-9A1E7A4F7556}") = "TIService", "TIService\TIService.csproj", "{980B0F29-4F80-46D4-A1B4-37323FFABE8C}"
EndProject
Project("{9A19103F-16F7-4668-BE54-9A1E7A4F7556}") = "TIWebApi", "TIAPI\TIWebApi.csproj", "{D3CC4F8C-328E-4891-AB12-C21FA00AB234}"
EndProject
Project("{2150E333-8FDC-42A3-9474-1A3956D46DE8}") = "Enums", "Enums", "{40CCE8DE-D9F1-4661-ABF5-E870F3EAF15A}"
	ProjectSection(SolutionItems) = preProject
		EnumEstadoCompra.cs = EnumEstadoCompra.cs
	EndProjectSection
EndProject
Project("{9A19103F-16F7-4668-BE54-9A1E7A4F7556}") = "TIEntitiesDTO", "EntitiesDTO\TIEntitiesDTO.csproj", "{F84FFEBE-8F47-4072-9A44-10018A231A3F}"
EndProject
Project("{9A19103F-16F7-4668-BE54-9A1E7A4F7556}") = "TITesting", "TITesting\TITesting.csproj", "{185B6E4C-C230-449D-9330-7F0A5A2D480B}"
EndProject
Project("{2150E333-8FDC-42A3-9474-1A3956D46DE8}") = "TIFront", "TIFront", "{91580706-E937-45FD-BC18-999D9BAD754D}"
EndProject
Project("{2150E333-8FDC-42A3-9474-1A3956D46DE8}") = "HTML", "HTML", "{4985C702-08ED-4458-9DAA-759942AA7B5A}"
	ProjectSection(SolutionItems) = preProject
		TIFront\Html\ActualizarStock.html = TIFront\Html\ActualizarStock.html
		TIFront\Html\AsignarViaje.html = TIFront\Html\AsignarViaje.html
		TIFront\Html\DarAltaCompra.html = TIFront\Html\DarAltaCompra.html
		TIFront\Html\PaginaPrincipal.html = TIFront\Html\PaginaPrincipal.html
		TIFront\Html\StockMinimoProductos.html = TIFront\Html\StockMinimoProductos.html
	EndProjectSection
EndProject
Project("{2150E333-8FDC-42A3-9474-1A3956D46DE8}") = "CSS", "CSS", "{B1396BA4-1B84-44C0-B15B-4D5942F7AE82}"
	ProjectSection(SolutionItems) = preProject
		TIFront\Css\Styles.css = TIFront\Css\Styles.css
	EndProjectSection
EndProject
Project("{2150E333-8FDC-42A3-9474-1A3956D46DE8}") = "JavaScript", "JavaScript", "{4DDFD1B7-C3EE-45A5-955E-8627FBFDBF25}"
	ProjectSection(SolutionItems) = preProject
		TIFront\Javascript\ActualizarStock.js = TIFront\Javascript\ActualizarStock.js
		TIFront\Javascript\AsignarViaje.js = TIFront\Javascript\AsignarViaje.js
		TIFront\Javascript\DarAltaCompra.js = TIFront\Javascript\DarAltaCompra.js
		TIFront\Javascript\StockMinimoProductos.js = TIFront\Javascript\StockMinimoProductos.js
	EndProjectSection
EndProject
Global
	GlobalSection(SolutionConfigurationPlatforms) = preSolution
		Debug|Any CPU = Debug|Any CPU
		Release|Any CPU = Release|Any CPU
	EndGlobalSection
	GlobalSection(ProjectConfigurationPlatforms) = postSolution
		{C410CA73-802C-4AAB-9043-D35122EFC2D6}.Debug|Any CPU.ActiveCfg = Debug|Any CPU
		{C410CA73-802C-4AAB-9043-D35122EFC2D6}.Debug|Any CPU.Build.0 = Debug|Any CPU
		{C410CA73-802C-4AAB-9043-D35122EFC2D6}.Release|Any CPU.ActiveCfg = Release|Any CPU
		{C410CA73-802C-4AAB-9043-D35122EFC2D6}.Release|Any CPU.Build.0 = Release|Any CPU
		{2EE28FD6-7CFD-429D-BC65-E1C7E3EE76C7}.Debug|Any CPU.ActiveCfg = Debug|Any CPU
		{2EE28FD6-7CFD-429D-BC65-E1C7E3EE76C7}.Debug|Any CPU.Build.0 = Debug|Any CPU
		{2EE28FD6-7CFD-429D-BC65-E1C7E3EE76C7}.Release|Any CPU.ActiveCfg = Release|Any CPU
		{2EE28FD6-7CFD-429D-BC65-E1C7E3EE76C7}.Release|Any CPU.Build.0 = Release|Any CPU
		{980B0F29-4F80-46D4-A1B4-37323FFABE8C}.Debug|Any CPU.ActiveCfg = Debug|Any CPU
		{980B0F29-4F80-46D4-A1B4-37323FFABE8C}.Debug|Any CPU.Build.0 = Debug|Any CPU
		{980B0F29-4F80-46D4-A1B4-37323FFABE8C}.Release|Any CPU.ActiveCfg = Release|Any CPU
		{980B0F29-4F80-46D4-A1B4-37323FFABE8C}.Release|Any CPU.Build.0 = Release|Any CPU
		{D3CC4F8C-328E-4891-AB12-C21FA00AB234}.Debug|Any CPU.ActiveCfg = Debug|Any CPU
		{D3CC4F8C-328E-4891-AB12-C21FA00AB234}.Debug|Any CPU.Build.0 = Debug|Any CPU
		{D3CC4F8C-328E-4891-AB12-C21FA00AB234}.Release|Any CPU.ActiveCfg = Release|Any CPU
		{D3CC4F8C-328E-4891-AB12-C21FA00AB234}.Release|Any CPU.Build.0 = Release|Any CPU
		{F84FFEBE-8F47-4072-9A44-10018A231A3F}.Debug|Any CPU.ActiveCfg = Debug|Any CPU
		{F84FFEBE-8F47-4072-9A44-10018A231A3F}.Debug|Any CPU.Build.0 = Debug|Any CPU
		{F84FFEBE-8F47-4072-9A44-10018A231A3F}.Release|Any CPU.ActiveCfg = Release|Any CPU
		{F84FFEBE-8F47-4072-9A44-10018A231A3F}.Release|Any CPU.Build.0 = Release|Any CPU
		{185B6E4C-C230-449D-9330-7F0A5A2D480B}.Debug|Any CPU.ActiveCfg = Debug|Any CPU
		{185B6E4C-C230-449D-9330-7F0A5A2D480B}.Debug|Any CPU.Build.0 = Debug|Any CPU
		{185B6E4C-C230-449D-9330-7F0A5A2D480B}.Release|Any CPU.ActiveCfg = Release|Any CPU
		{185B6E4C-C230-449D-9330-7F0A5A2D480B}.Release|Any CPU.Build.0 = Release|Any CPU
	EndGlobalSection
	GlobalSection(SolutionProperties) = preSolution
		HideSolutionNode = FALSE
	EndGlobalSection
	GlobalSection(NestedProjects) = preSolution
		{4985C702-08ED-4458-9DAA-759942AA7B5A} = {91580706-E937-45FD-BC18-999D9BAD754D}
		{B1396BA4-1B84-44C0-B15B-4D5942F7AE82} = {91580706-E937-45FD-BC18-999D9BAD754D}
		{4DDFD1B7-C3EE-45A5-955E-8627FBFDBF25} = {91580706-E937-45FD-BC18-999D9BAD754D}
	EndGlobalSection
	GlobalSection(ExtensibilityGlobals) = postSolution
		SolutionGuid = {BF23ED08-3E25-4ED5-81A7-D9FEBAAB580E}
	EndGlobalSection
EndGlobal
